
Microsoft Visual Studio Solution File, Format Version 12.00
# Visual Studio 15
VisualStudioVersion = 15.0.27703.2047
MinimumVisualStudioVersion = 10.0.40219.1
Project("{FAE04EC0-301F-11D3-BF4B-00C04F79EFBC}") = "BDD_FizzBuzz_Lib", "BDD_FizzBuzz_Lib\BDD_FizzBuzz_Lib.csproj", "{EA5F0807-F80C-4307-983A-B13FE443822E}"
EndProject
Project("{FAE04EC0-301F-11D3-BF4B-00C04F79EFBC}") = "BDD_FizzBuzz_Lib_Tests", "BDD_FizzBuzz_Lib_Tests\BDD_FizzBuzz_Lib_Tests.csproj", "{B1C3A4C5-D30B-4480-9645-32610F1CDD3F}"
EndProject
Global
	GlobalSection(SolutionConfigurationPlatforms) = preSolution
		Debug|Any CPU = Debug|Any CPU
		Release|Any CPU = Release|Any CPU
	EndGlobalSection
	GlobalSection(ProjectConfigurationPlatforms) = postSolution
		{EA5F0807-F80C-4307-983A-B13FE443822E}.Debug|Any CPU.ActiveCfg = Debug|Any CPU
		{EA5F0807-F80C-4307-983A-B13FE443822E}.Debug|Any CPU.Build.0 = Debug|Any CPU
		{EA5F0807-F80C-4307-983A-B13FE443822E}.Release|Any CPU.ActiveCfg = Release|Any CPU
		{EA5F0807-F80C-4307-983A-B13FE443822E}.Release|Any CPU.Build.0 = Release|Any CPU
		{B1C3A4C5-D30B-4480-9645-32610F1CDD3F}.Debug|Any CPU.ActiveCfg = Debug|Any CPU
		{B1C3A4C5-D30B-4480-9645-32610F1CDD3F}.Debug|Any CPU.Build.0 = Debug|Any CPU
		{B1C3A4C5-D30B-4480-9645-32610F1CDD3F}.Release|Any CPU.ActiveCfg = Release|Any CPU
		{B1C3A4C5-D30B-4480-9645-32610F1CDD3F}.Release|Any CPU.Build.0 = Release|Any CPU
	EndGlobalSection
	GlobalSection(SolutionProperties) = preSolution
		HideSolutionNode = FALSE
	EndGlobalSection
	GlobalSection(ExtensibilityGlobals) = postSolution
		SolutionGuid = {FAD90D28-E59C-40BF-8754-EF09CA3073CA}
	EndGlobalSection
EndGlobal
